
Microsoft Visual Studio Solution File, Format Version 12.00
# Visual Studio Version 16
VisualStudioVersion = 16.0.30413.136
MinimumVisualStudioVersion = 10.0.40219.1
Project("{FAE04EC0-301F-11D3-BF4B-00C04F79EFBC}") = "AdoNetFactoryEncryptHash", "AdoNetFactoryEncryptHash\AdoNetFactoryEncryptHash.csproj", "{3CF29967-8F76-40AF-9AF5-24E9CCEB5FBD}"
EndProject
Global
	GlobalSection(SolutionConfigurationPlatforms) = preSolution
		Debug|Any CPU = Debug|Any CPU
		Release|Any CPU = Release|Any CPU
	EndGlobalSection
	GlobalSection(ProjectConfigurationPlatforms) = postSolution
		{3CF29967-8F76-40AF-9AF5-24E9CCEB5FBD}.Debug|Any CPU.ActiveCfg = Debug|Any CPU
		{3CF29967-8F76-40AF-9AF5-24E9CCEB5FBD}.Debug|Any CPU.Build.0 = Debug|Any CPU
		{3CF29967-8F76-40AF-9AF5-24E9CCEB5FBD}.Release|Any CPU.ActiveCfg = Release|Any CPU
		{3CF29967-8F76-40AF-9AF5-24E9CCEB5FBD}.Release|Any CPU.Build.0 = Release|Any CPU
	EndGlobalSection
	GlobalSection(SolutionProperties) = preSolution
		HideSolutionNode = FALSE
	EndGlobalSection
	GlobalSection(ExtensibilityGlobals) = postSolution
		SolutionGuid = {0FDE9C38-B8C4-4CF0-B149-7E7FFD60A906}
	EndGlobalSection
EndGlobal
